
Microsoft Visual Studio Solution File, Format Version 12.00
# Visual Studio Version 16
VisualStudioVersion = 16.0.29411.108
MinimumVisualStudioVersion = 10.0.40219.1
Project("{9A19103F-16F7-4668-BE54-9A1E7A4F7556}") = "TokenTrader", "TokenTrader\TokenTrader.csproj", "{F31DA912-079A-4BC0-83CB-3FF6F4120BB4}"
EndProject
Project("{9A19103F-16F7-4668-BE54-9A1E7A4F7556}") = "HitBTCConnector", "Connectors\HitBTCConnector\HitBTCConnector.csproj", "{0EFEA448-E2D1-4C25-8155-E213BD3E151E}"
EndProject
Project("{9A19103F-16F7-4668-BE54-9A1E7A4F7556}") = "SharedDataStructures", "SharedDataStructures\SharedDataStructures.csproj", "{A24AABBD-147A-446F-B24C-209A68524E5E}"
EndProject
Project("{9A19103F-16F7-4668-BE54-9A1E7A4F7556}") = "SharedTools", "SharedTools\SharedTools.csproj", "{2AF15216-90F8-48A0-BC73-CA7B1FE09600}"
EndProject
Project("{9A19103F-16F7-4668-BE54-9A1E7A4F7556}") = "TurnoverPlanGenerator", "TurnoverPlanGenerator\TurnoverPlanGenerator.csproj", "{3A043A65-40F2-4C45-85F5-CBDFAAADE956}"
EndProject
Project("{2150E333-8FDC-42A3-9474-1A3956D46DE8}") = "Connectors", "Connectors", "{05C5D6A2-9692-4728-A5BF-71B4938AA9DD}"
EndProject
Project("{9A19103F-16F7-4668-BE54-9A1E7A4F7556}") = "BitfinexConnector", "Connectors\BitfinexConnector\BitfinexConnector.csproj", "{0A5D8D94-6BBD-4360-9ED3-D83D9D967C5A}"
EndProject
Project("{9A19103F-16F7-4668-BE54-9A1E7A4F7556}") = "IDaxConnector", "Connectors\IDaxConnector\IDaxConnector.csproj", "{3992065B-03AE-4580-BB0F-EA546153F4AA}"
EndProject
Project("{9A19103F-16F7-4668-BE54-9A1E7A4F7556}") = "CGCXConnector", "Connectors\CGCXConnector\CGCXConnector.csproj", "{2DEF8A20-917F-40F8-95F0-771AA7EE164D}"
EndProject
Project("{9A19103F-16F7-4668-BE54-9A1E7A4F7556}") = "DummyConnector", "Connectors\DummyConnector\DummyConnector.csproj", "{B09A6C48-D7A9-48E4-A458-36D29B909854}"
EndProject
Project("{9A19103F-16F7-4668-BE54-9A1E7A4F7556}") = "GlobitexConnector", "Connectors\GlobitexConnector\GlobitexConnector.csproj", "{B8C543D0-B381-4FFD-85CD-E064F54534D4}"
EndProject
Project("{9A19103F-16F7-4668-BE54-9A1E7A4F7556}") = "QryptosConnector", "Connectors\QryptosConnector\QryptosConnector.csproj", "{263153A6-33F9-4F2D-9EA5-9DA576118CE8}"
EndProject
Project("{9A19103F-16F7-4668-BE54-9A1E7A4F7556}") = "PusherClient", "Connectors\PusherClient\PusherClient.csproj", "{834A0FF4-63ED-4C5C-8014-24AC28C485A9}"
EndProject
Project("{9A19103F-16F7-4668-BE54-9A1E7A4F7556}") = "XenaConnector", "Connectors\XenaConnector\XenaConnector.csproj", "{23B040DE-4492-4F93-B274-5268BDF28D9A}"
EndProject
Project("{9A19103F-16F7-4668-BE54-9A1E7A4F7556}") = "KucoinConnector", "Connectors\KucoinConnector\KucoinConnector.csproj", "{786E1AB7-EC03-4D24-B2A9-D4C262D4D079}"
EndProject
Project("{9A19103F-16F7-4668-BE54-9A1E7A4F7556}") = "CREXConnector", "Connectors\CREXConnector\CREXConnector.csproj", "{236C3E3E-62E5-4420-A151-CB3F765FACF6}"
EndProject
Project("{9A19103F-16F7-4668-BE54-9A1E7A4F7556}") = "DutyFlyConnector", "Connectors\DutyFlyConnector\DutyFlyConnector.csproj", "{A0F6F8D8-38ED-4993-ADA3-0A54C28244E3}"
EndProject
Project("{9A19103F-16F7-4668-BE54-9A1E7A4F7556}") = "BitMEXConnector", "Connectors\BitMEXConnector\BitMEXConnector.csproj", "{ABA46ACE-1FAE-498A-8EC7-4802510F6D93}"
EndProject
Project("{9A19103F-16F7-4668-BE54-9A1E7A4F7556}") = "TmexConnector", "Connectors\TmexConnector\TmexConnector.csproj", "{133B63B6-0003-407B-B8CC-2F846F60E5F4}"
EndProject
Project("{9A19103F-16F7-4668-BE54-9A1E7A4F7556}") = "DeribitConnector", "Connectors\DeribitConnector\DeribitConnector.csproj", "{21A288BA-814B-48A8-AA2B-31B173251FA3}"
EndProject
Project("{9A19103F-16F7-4668-BE54-9A1E7A4F7556}") = "BinanceConnector", "Connectors\BinanceConnector\BinanceConnector.csproj", "{4FD97249-B67F-4012-84EB-D63EAE5C84DE}"
EndProject
Project("{9A19103F-16F7-4668-BE54-9A1E7A4F7556}") = "BitstampConnector", "Connectors\BitstampConnector\BitstampConnector.csproj", "{8613C39F-E61D-4F23-AB72-47D3E96BFB08}"
EndProject
Project("{9A19103F-16F7-4668-BE54-9A1E7A4F7556}") = "CoinFlexConnector", "Connectors\CoinFlexConnector\CoinFlexConnector.csproj", "{9E7B46DE-3496-4312-AE3B-37218E044D73}"
EndProject
Project("{9A19103F-16F7-4668-BE54-9A1E7A4F7556}") = "WoortonConnector", "Connectors\WoortonConnector\WoortonConnector.csproj", "{5D93092E-C6CE-4035-BD62-CD8916466C6D}"
EndProject
Project("{9A19103F-16F7-4668-BE54-9A1E7A4F7556}") = "FineryConnector", "Connectors\FineryConnector\FineryConnector.csproj", "{F4D77076-CDDD-4BA5-A377-D0E7A3A9B9EA}"
EndProject
Project("{9A19103F-16F7-4668-BE54-9A1E7A4F7556}") = "OceanConnector", "Connectors\OceanConnector\OceanConnector.csproj", "{5ABEDB9D-A90A-451B-B12D-AAF592B3D233}"
EndProject
Project("{FAE04EC0-301F-11D3-BF4B-00C04F79EFBC}") = "WoortonV2Connector", "Connectors\WoortonV2Connector\WoortonV2Connector.csproj", "{AA710451-EA5E-4C88-BB63-5EB8D50980AF}"
EndProject
Global
	GlobalSection(SolutionConfigurationPlatforms) = preSolution
		Debug|Any CPU = Debug|Any CPU
		Release|Any CPU = Release|Any CPU
	EndGlobalSection
	GlobalSection(ProjectConfigurationPlatforms) = postSolution
		{F31DA912-079A-4BC0-83CB-3FF6F4120BB4}.Debug|Any CPU.ActiveCfg = Debug|Any CPU
		{F31DA912-079A-4BC0-83CB-3FF6F4120BB4}.Debug|Any CPU.Build.0 = Debug|Any CPU
		{F31DA912-079A-4BC0-83CB-3FF6F4120BB4}.Release|Any CPU.ActiveCfg = Release|Any CPU
		{F31DA912-079A-4BC0-83CB-3FF6F4120BB4}.Release|Any CPU.Build.0 = Release|Any CPU
		{0EFEA448-E2D1-4C25-8155-E213BD3E151E}.Debug|Any CPU.ActiveCfg = Debug|Any CPU
		{0EFEA448-E2D1-4C25-8155-E213BD3E151E}.Debug|Any CPU.Build.0 = Debug|Any CPU
		{0EFEA448-E2D1-4C25-8155-E213BD3E151E}.Release|Any CPU.ActiveCfg = Release|Any CPU
		{0EFEA448-E2D1-4C25-8155-E213BD3E151E}.Release|Any CPU.Build.0 = Release|Any CPU
		{A24AABBD-147A-446F-B24C-209A68524E5E}.Debug|Any CPU.ActiveCfg = Debug|Any CPU
		{A24AABBD-147A-446F-B24C-209A68524E5E}.Debug|Any CPU.Build.0 = Debug|Any CPU
		{A24AABBD-147A-446F-B24C-209A68524E5E}.Release|Any CPU.ActiveCfg = Release|Any CPU
		{A24AABBD-147A-446F-B24C-209A68524E5E}.Release|Any CPU.Build.0 = Release|Any CPU
		{2AF15216-90F8-48A0-BC73-CA7B1FE09600}.Debug|Any CPU.ActiveCfg = Debug|Any CPU
		{2AF15216-90F8-48A0-BC73-CA7B1FE09600}.Debug|Any CPU.Build.0 = Debug|Any CPU
		{2AF15216-90F8-48A0-BC73-CA7B1FE09600}.Release|Any CPU.ActiveCfg = Release|Any CPU
		{2AF15216-90F8-48A0-BC73-CA7B1FE09600}.Release|Any CPU.Build.0 = Release|Any CPU
		{3A043A65-40F2-4C45-85F5-CBDFAAADE956}.Debug|Any CPU.ActiveCfg = Debug|Any CPU
		{3A043A65-40F2-4C45-85F5-CBDFAAADE956}.Debug|Any CPU.Build.0 = Debug|Any CPU
		{3A043A65-40F2-4C45-85F5-CBDFAAADE956}.Release|Any CPU.ActiveCfg = Release|Any CPU
		{3A043A65-40F2-4C45-85F5-CBDFAAADE956}.Release|Any CPU.Build.0 = Release|Any CPU
		{0A5D8D94-6BBD-4360-9ED3-D83D9D967C5A}.Debug|Any CPU.ActiveCfg = Debug|Any CPU
		{0A5D8D94-6BBD-4360-9ED3-D83D9D967C5A}.Debug|Any CPU.Build.0 = Debug|Any CPU
		{0A5D8D94-6BBD-4360-9ED3-D83D9D967C5A}.Release|Any CPU.ActiveCfg = Release|Any CPU
		{0A5D8D94-6BBD-4360-9ED3-D83D9D967C5A}.Release|Any CPU.Build.0 = Release|Any CPU
		{3992065B-03AE-4580-BB0F-EA546153F4AA}.Debug|Any CPU.ActiveCfg = Debug|Any CPU
		{3992065B-03AE-4580-BB0F-EA546153F4AA}.Debug|Any CPU.Build.0 = Debug|Any CPU
		{3992065B-03AE-4580-BB0F-EA546153F4AA}.Release|Any CPU.ActiveCfg = Release|Any CPU
		{3992065B-03AE-4580-BB0F-EA546153F4AA}.Release|Any CPU.Build.0 = Release|Any CPU
		{2DEF8A20-917F-40F8-95F0-771AA7EE164D}.Debug|Any CPU.ActiveCfg = Debug|Any CPU
		{2DEF8A20-917F-40F8-95F0-771AA7EE164D}.Debug|Any CPU.Build.0 = Debug|Any CPU
		{2DEF8A20-917F-40F8-95F0-771AA7EE164D}.Release|Any CPU.ActiveCfg = Release|Any CPU
		{2DEF8A20-917F-40F8-95F0-771AA7EE164D}.Release|Any CPU.Build.0 = Release|Any CPU
		{B09A6C48-D7A9-48E4-A458-36D29B909854}.Debug|Any CPU.ActiveCfg = Debug|Any CPU
		{B09A6C48-D7A9-48E4-A458-36D29B909854}.Debug|Any CPU.Build.0 = Debug|Any CPU
		{B09A6C48-D7A9-48E4-A458-36D29B909854}.Release|Any CPU.ActiveCfg = Release|Any CPU
		{B09A6C48-D7A9-48E4-A458-36D29B909854}.Release|Any CPU.Build.0 = Release|Any CPU
		{B8C543D0-B381-4FFD-85CD-E064F54534D4}.Debug|Any CPU.ActiveCfg = Debug|Any CPU
		{B8C543D0-B381-4FFD-85CD-E064F54534D4}.Debug|Any CPU.Build.0 = Debug|Any CPU
		{B8C543D0-B381-4FFD-85CD-E064F54534D4}.Release|Any CPU.ActiveCfg = Release|Any CPU
		{B8C543D0-B381-4FFD-85CD-E064F54534D4}.Release|Any CPU.Build.0 = Release|Any CPU
		{263153A6-33F9-4F2D-9EA5-9DA576118CE8}.Debug|Any CPU.ActiveCfg = Debug|Any CPU
		{263153A6-33F9-4F2D-9EA5-9DA576118CE8}.Debug|Any CPU.Build.0 = Debug|Any CPU
		{263153A6-33F9-4F2D-9EA5-9DA576118CE8}.Release|Any CPU.ActiveCfg = Release|Any CPU
		{263153A6-33F9-4F2D-9EA5-9DA576118CE8}.Release|Any CPU.Build.0 = Release|Any CPU
		{834A0FF4-63ED-4C5C-8014-24AC28C485A9}.Debug|Any CPU.ActiveCfg = Debug|Any CPU
		{834A0FF4-63ED-4C5C-8014-24AC28C485A9}.Debug|Any CPU.Build.0 = Debug|Any CPU
		{834A0FF4-63ED-4C5C-8014-24AC28C485A9}.Release|Any CPU.ActiveCfg = Release|Any CPU
		{834A0FF4-63ED-4C5C-8014-24AC28C485A9}.Release|Any CPU.Build.0 = Release|Any CPU
		{23B040DE-4492-4F93-B274-5268BDF28D9A}.Debug|Any CPU.ActiveCfg = Debug|Any CPU
		{23B040DE-4492-4F93-B274-5268BDF28D9A}.Debug|Any CPU.Build.0 = Debug|Any CPU
		{23B040DE-4492-4F93-B274-5268BDF28D9A}.Release|Any CPU.ActiveCfg = Release|Any CPU
		{23B040DE-4492-4F93-B274-5268BDF28D9A}.Release|Any CPU.Build.0 = Release|Any CPU
		{786E1AB7-EC03-4D24-B2A9-D4C262D4D079}.Debug|Any CPU.ActiveCfg = Debug|Any CPU
		{786E1AB7-EC03-4D24-B2A9-D4C262D4D079}.Debug|Any CPU.Build.0 = Debug|Any CPU
		{786E1AB7-EC03-4D24-B2A9-D4C262D4D079}.Release|Any CPU.ActiveCfg = Release|Any CPU
		{786E1AB7-EC03-4D24-B2A9-D4C262D4D079}.Release|Any CPU.Build.0 = Release|Any CPU
		{236C3E3E-62E5-4420-A151-CB3F765FACF6}.Debug|Any CPU.ActiveCfg = Debug|Any CPU
		{236C3E3E-62E5-4420-A151-CB3F765FACF6}.Debug|Any CPU.Build.0 = Debug|Any CPU
		{236C3E3E-62E5-4420-A151-CB3F765FACF6}.Release|Any CPU.ActiveCfg = Release|Any CPU
		{236C3E3E-62E5-4420-A151-CB3F765FACF6}.Release|Any CPU.Build.0 = Release|Any CPU
		{A0F6F8D8-38ED-4993-ADA3-0A54C28244E3}.Debug|Any CPU.ActiveCfg = Debug|Any CPU
		{A0F6F8D8-38ED-4993-ADA3-0A54C28244E3}.Debug|Any CPU.Build.0 = Debug|Any CPU
		{A0F6F8D8-38ED-4993-ADA3-0A54C28244E3}.Release|Any CPU.ActiveCfg = Release|Any CPU
		{A0F6F8D8-38ED-4993-ADA3-0A54C28244E3}.Release|Any CPU.Build.0 = Release|Any CPU
		{ABA46ACE-1FAE-498A-8EC7-4802510F6D93}.Debug|Any CPU.ActiveCfg = Debug|Any CPU
		{ABA46ACE-1FAE-498A-8EC7-4802510F6D93}.Debug|Any CPU.Build.0 = Debug|Any CPU
		{ABA46ACE-1FAE-498A-8EC7-4802510F6D93}.Release|Any CPU.ActiveCfg = Release|Any CPU
		{ABA46ACE-1FAE-498A-8EC7-4802510F6D93}.Release|Any CPU.Build.0 = Release|Any CPU
		{133B63B6-0003-407B-B8CC-2F846F60E5F4}.Debug|Any CPU.ActiveCfg = Debug|Any CPU
		{133B63B6-0003-407B-B8CC-2F846F60E5F4}.Debug|Any CPU.Build.0 = Debug|Any CPU
		{133B63B6-0003-407B-B8CC-2F846F60E5F4}.Release|Any CPU.ActiveCfg = Release|Any CPU
		{133B63B6-0003-407B-B8CC-2F846F60E5F4}.Release|Any CPU.Build.0 = Release|Any CPU
		{21A288BA-814B-48A8-AA2B-31B173251FA3}.Debug|Any CPU.ActiveCfg = Debug|Any CPU
		{21A288BA-814B-48A8-AA2B-31B173251FA3}.Debug|Any CPU.Build.0 = Debug|Any CPU
		{21A288BA-814B-48A8-AA2B-31B173251FA3}.Release|Any CPU.ActiveCfg = Release|Any CPU
		{21A288BA-814B-48A8-AA2B-31B173251FA3}.Release|Any CPU.Build.0 = Release|Any CPU
		{4FD97249-B67F-4012-84EB-D63EAE5C84DE}.Debug|Any CPU.ActiveCfg = Debug|Any CPU
		{4FD97249-B67F-4012-84EB-D63EAE5C84DE}.Debug|Any CPU.Build.0 = Debug|Any CPU
		{4FD97249-B67F-4012-84EB-D63EAE5C84DE}.Release|Any CPU.ActiveCfg = Release|Any CPU
		{4FD97249-B67F-4012-84EB-D63EAE5C84DE}.Release|Any CPU.Build.0 = Release|Any CPU
		{8613C39F-E61D-4F23-AB72-47D3E96BFB08}.Debug|Any CPU.ActiveCfg = Debug|Any CPU
		{8613C39F-E61D-4F23-AB72-47D3E96BFB08}.Debug|Any CPU.Build.0 = Debug|Any CPU
		{8613C39F-E61D-4F23-AB72-47D3E96BFB08}.Release|Any CPU.ActiveCfg = Release|Any CPU
		{8613C39F-E61D-4F23-AB72-47D3E96BFB08}.Release|Any CPU.Build.0 = Release|Any CPU
		{9E7B46DE-3496-4312-AE3B-37218E044D73}.Debug|Any CPU.ActiveCfg = Debug|Any CPU
		{9E7B46DE-3496-4312-AE3B-37218E044D73}.Debug|Any CPU.Build.0 = Debug|Any CPU
		{9E7B46DE-3496-4312-AE3B-37218E044D73}.Release|Any CPU.ActiveCfg = Release|Any CPU
		{9E7B46DE-3496-4312-AE3B-37218E044D73}.Release|Any CPU.Build.0 = Release|Any CPU
		{5D93092E-C6CE-4035-BD62-CD8916466C6D}.Debug|Any CPU.ActiveCfg = Debug|Any CPU
		{5D93092E-C6CE-4035-BD62-CD8916466C6D}.Debug|Any CPU.Build.0 = Debug|Any CPU
		{5D93092E-C6CE-4035-BD62-CD8916466C6D}.Release|Any CPU.ActiveCfg = Release|Any CPU
		{5D93092E-C6CE-4035-BD62-CD8916466C6D}.Release|Any CPU.Build.0 = Release|Any CPU
		{F4D77076-CDDD-4BA5-A377-D0E7A3A9B9EA}.Debug|Any CPU.ActiveCfg = Debug|Any CPU
		{F4D77076-CDDD-4BA5-A377-D0E7A3A9B9EA}.Debug|Any CPU.Build.0 = Debug|Any CPU
		{F4D77076-CDDD-4BA5-A377-D0E7A3A9B9EA}.Release|Any CPU.ActiveCfg = Release|Any CPU
		{F4D77076-CDDD-4BA5-A377-D0E7A3A9B9EA}.Release|Any CPU.Build.0 = Release|Any CPU
		{5ABEDB9D-A90A-451B-B12D-AAF592B3D233}.Debug|Any CPU.ActiveCfg = Debug|Any CPU
		{5ABEDB9D-A90A-451B-B12D-AAF592B3D233}.Debug|Any CPU.Build.0 = Debug|Any CPU
		{5ABEDB9D-A90A-451B-B12D-AAF592B3D233}.Release|Any CPU.ActiveCfg = Release|Any CPU
		{5ABEDB9D-A90A-451B-B12D-AAF592B3D233}.Release|Any CPU.Build.0 = Release|Any CPU
		{AA710451-EA5E-4C88-BB63-5EB8D50980AF}.Debug|Any CPU.ActiveCfg = Debug|Any CPU
		{AA710451-EA5E-4C88-BB63-5EB8D50980AF}.Debug|Any CPU.Build.0 = Debug|Any CPU
		{AA710451-EA5E-4C88-BB63-5EB8D50980AF}.Release|Any CPU.ActiveCfg = Release|Any CPU
		{AA710451-EA5E-4C88-BB63-5EB8D50980AF}.Release|Any CPU.Build.0 = Release|Any CPU
	EndGlobalSection
	GlobalSection(SolutionProperties) = preSolution
		HideSolutionNode = FALSE
	EndGlobalSection
	GlobalSection(NestedProjects) = preSolution
		{0EFEA448-E2D1-4C25-8155-E213BD3E151E} = {05C5D6A2-9692-4728-A5BF-71B4938AA9DD}
		{0A5D8D94-6BBD-4360-9ED3-D83D9D967C5A} = {05C5D6A2-9692-4728-A5BF-71B4938AA9DD}
		{3992065B-03AE-4580-BB0F-EA546153F4AA} = {05C5D6A2-9692-4728-A5BF-71B4938AA9DD}
		{2DEF8A20-917F-40F8-95F0-771AA7EE164D} = {05C5D6A2-9692-4728-A5BF-71B4938AA9DD}
		{B09A6C48-D7A9-48E4-A458-36D29B909854} = {05C5D6A2-9692-4728-A5BF-71B4938AA9DD}
		{B8C543D0-B381-4FFD-85CD-E064F54534D4} = {05C5D6A2-9692-4728-A5BF-71B4938AA9DD}
		{263153A6-33F9-4F2D-9EA5-9DA576118CE8} = {05C5D6A2-9692-4728-A5BF-71B4938AA9DD}
		{834A0FF4-63ED-4C5C-8014-24AC28C485A9} = {05C5D6A2-9692-4728-A5BF-71B4938AA9DD}
		{23B040DE-4492-4F93-B274-5268BDF28D9A} = {05C5D6A2-9692-4728-A5BF-71B4938AA9DD}
		{786E1AB7-EC03-4D24-B2A9-D4C262D4D079} = {05C5D6A2-9692-4728-A5BF-71B4938AA9DD}
		{236C3E3E-62E5-4420-A151-CB3F765FACF6} = {05C5D6A2-9692-4728-A5BF-71B4938AA9DD}
		{A0F6F8D8-38ED-4993-ADA3-0A54C28244E3} = {05C5D6A2-9692-4728-A5BF-71B4938AA9DD}
		{ABA46ACE-1FAE-498A-8EC7-4802510F6D93} = {05C5D6A2-9692-4728-A5BF-71B4938AA9DD}
		{133B63B6-0003-407B-B8CC-2F846F60E5F4} = {05C5D6A2-9692-4728-A5BF-71B4938AA9DD}
		{21A288BA-814B-48A8-AA2B-31B173251FA3} = {05C5D6A2-9692-4728-A5BF-71B4938AA9DD}
		{4FD97249-B67F-4012-84EB-D63EAE5C84DE} = {05C5D6A2-9692-4728-A5BF-71B4938AA9DD}
		{8613C39F-E61D-4F23-AB72-47D3E96BFB08} = {05C5D6A2-9692-4728-A5BF-71B4938AA9DD}
		{9E7B46DE-3496-4312-AE3B-37218E044D73} = {05C5D6A2-9692-4728-A5BF-71B4938AA9DD}
		{5D93092E-C6CE-4035-BD62-CD8916466C6D} = {05C5D6A2-9692-4728-A5BF-71B4938AA9DD}
		{F4D77076-CDDD-4BA5-A377-D0E7A3A9B9EA} = {05C5D6A2-9692-4728-A5BF-71B4938AA9DD}
		{5ABEDB9D-A90A-451B-B12D-AAF592B3D233} = {05C5D6A2-9692-4728-A5BF-71B4938AA9DD}
		{AA710451-EA5E-4C88-BB63-5EB8D50980AF} = {05C5D6A2-9692-4728-A5BF-71B4938AA9DD}
	EndGlobalSection
	GlobalSection(ExtensibilityGlobals) = postSolution
		SolutionGuid = {1D547B41-C76F-4238-9780-A958FB84739B}
	EndGlobalSection
EndGlobal
